// !$*UTF8*$!
{
	archiveVersion = 1;
	classes = {
	};
	objectVersion = 46;
	objects = {

/* Begin PBXBuildFile section */
		791F5C3F1EF0B63C00B4149B /* main.m in Sources */ = {isa = PBXBuildFile; fileRef = 791F5C3E1EF0B63C00B4149B /* main.m */; };
		791F5C421EF0B63C00B4149B /* AppDelegate.m in Sources */ = {isa = PBXBuildFile; fileRef = 791F5C411EF0B63C00B4149B /* AppDelegate.m */; };
		791F5C451EF0B63C00B4149B /* ViewController.m in Sources */ = {isa = PBXBuildFile; fileRef = 791F5C441EF0B63C00B4149B /* ViewController.m */; };
		791F5C481EF0B63C00B4149B /* Main.storyboard in Resources */ = {isa = PBXBuildFile; fileRef = 791F5C461EF0B63C00B4149B /* Main.storyboard */; };
		791F5C4A1EF0B63C00B4149B /* Assets.xcassets in Resources */ = {isa = PBXBuildFile; fileRef = 791F5C491EF0B63C00B4149B /* Assets.xcassets */; };
		791F5C4D1EF0B63C00B4149B /* LaunchScreen.storyboard in Resources */ = {isa = PBXBuildFile; fileRef = 791F5C4B1EF0B63C00B4149B /* LaunchScreen.storyboard */; };
		791F5C581EF0B63C00B4149B /* ios_objc_foundation_nsmutable_dictonary_demoTests.m in Sources */ = {isa = PBXBuildFile; fileRef = 791F5C571EF0B63C00B4149B /* ios_objc_foundation_nsmutable_dictonary_demoTests.m */; };
/* End PBXBuildFile section */

/* Begin PBXContainerItemProxy section */
		791F5C541EF0B63C00B4149B /* PBXContainerItemProxy */ = {
			isa = PBXContainerItemProxy;
			containerPortal = 791F5C321EF0B63C00B4149B /* Project object */;
			proxyType = 1;
			remoteGlobalIDString = 791F5C391EF0B63C00B4149B;
			remoteInfo = "ios-objc-foundation-nsmutable-dictonary-demo";
		};
/* End PBXContainerItemProxy section */

/* Begin PBXFileReference section */
		791F5C3A1EF0B63C00B4149B /* ios-objc-foundation-nsmutable-dictonary-demo.app */ = {isa = PBXFileReference; explicitFileType = wrapper.application; includeInIndex = 0; path = "ios-objc-foundation-nsmutable-dictonary-demo.app"; sourceTree = BUILT_PRODUCTS_DIR; };
		791F5C3E1EF0B63C00B4149B /* main.m */ = {isa = PBXFileReference; lastKnownFileType = sourcecode.c.objc; path = main.m; sourceTree = "<group>"; };
		791F5C401EF0B63C00B4149B /* AppDelegate.h */ = {isa = PBXFileReference; lastKnownFileType = sourcecode.c.h; path = AppDelegate.h; sourceTree = "<group>"; };
		791F5C411EF0B63C00B4149B /* AppDelegate.m */ = {isa = PBXFileReference; lastKnownFileType = sourcecode.c.objc; path = AppDelegate.m; sourceTree = "<group>"; };
		791F5C431EF0B63C00B4149B /* ViewController.h */ = {isa = PBXFileReference; lastKnownFileType = sourcecode.c.h; path = ViewController.h; sourceTree = "<group>"; };
		791F5C441EF0B63C00B4149B /* ViewController.m */ = {isa = PBXFileReference; lastKnownFileType = sourcecode.c.objc; path = ViewController.m; sourceTree = "<group>"; };
		791F5C471EF0B63C00B4149B /* Base */ = {isa = PBXFileReference; lastKnownFileType = file.storyboard; name = Base; path = Base.lproj/Main.storyboard; sourceTree = "<group>"; };
		791F5C491EF0B63C00B4149B /* Assets.xcassets */ = {isa = PBXFileReference; lastKnownFileType = folder.assetcatalog; path = Assets.xcassets; sourceTree = "<group>"; };
		791F5C4C1EF0B63C00B4149B /* Base */ = {isa = PBXFileReference; lastKnownFileType = file.storyboard; name = Base; path = Base.lproj/LaunchScreen.storyboard; sourceTree = "<group>"; };
		791F5C4E1EF0B63C00B4149B /* Info.plist */ = {isa = PBXFileReference; lastKnownFileType = text.plist.xml; path = Info.plist; sourceTree = "<group>"; };
		791F5C531EF0B63C00B4149B /* ios-objc-foundation-nsmutable-dictonary-demoTests.xctest */ = {isa = PBXFileReference; explicitFileType = wrapper.cfbundle; includeInIndex = 0; path = "ios-objc-foundation-nsmutable-dictonary-demoTests.xctest"; sourceTree = BUILT_PRODUCTS_DIR; };
		791F5C571EF0B63C00B4149B /* ios_objc_foundation_nsmutable_dictonary_demoTests.m */ = {isa = PBXFileReference; lastKnownFileType = sourcecode.c.objc; path = ios_objc_foundation_nsmutable_dictonary_demoTests.m; sourceTree = "<group>"; };
		791F5C591EF0B63C00B4149B /* Info.plist */ = {isa = PBXFileReference; lastKnownFileType = text.plist.xml; path = Info.plist; sourceTree = "<group>"; };
/* End PBXFileReference section */

/* Begin PBXFrameworksBuildPhase section */
		791F5C371EF0B63C00B4149B /* Frameworks */ = {
			isa = PBXFrameworksBuildPhase;
			buildActionMask = 2147483647;
			files = (
			);
			runOnlyForDeploymentPostprocessing = 0;
		};
		791F5C501EF0B63C00B4149B /* Frameworks */ = {
			isa = PBXFrameworksBuildPhase;
			buildActionMask = 2147483647;
			files = (
			);
			runOnlyForDeploymentPostprocessing = 0;
		};
/* End PBXFrameworksBuildPhase section */

/* Begin PBXGroup section */
		791F5C311EF0B63C00B4149B = {
			isa = PBXGroup;
			children = (
				791F5C3C1EF0B63C00B4149B /* ios-objc-foundation-nsmutable-dictonary-demo */,
				791F5C561EF0B63C00B4149B /* ios-objc-foundation-nsmutable-dictonary-demoTests */,
				791F5C3B1EF0B63C00B4149B /* Products */,
			);
			sourceTree = "<group>";
		};
		791F5C3B1EF0B63C00B4149B /* Products */ = {
			isa = PBXGroup;
			children = (
				791F5C3A1EF0B63C00B4149B /* ios-objc-foundation-nsmutable-dictonary-demo.app */,
				791F5C531EF0B63C00B4149B /* ios-objc-foundation-nsmutable-dictonary-demoTests.xctest */,
			);
			name = Products;
			sourceTree = "<group>";
		};
		791F5C3C1EF0B63C00B4149B /* ios-objc-foundation-nsmutable-dictonary-demo */ = {
			isa = PBXGroup;
			children = (
				791F5C401EF0B63C00B4149B /* AppDelegate.h */,
				791F5C411EF0B63C00B4149B /* AppDelegate.m */,
				791F5C431EF0B63C00B4149B /* ViewController.h */,
				791F5C441EF0B63C00B4149B /* ViewController.m */,
				791F5C461EF0B63C00B4149B /* Main.storyboard */,
				791F5C491EF0B63C00B4149B /* Assets.xcassets */,
				791F5C4B1EF0B63C00B4149B /* LaunchScreen.storyboard */,
				791F5C4E1EF0B63C00B4149B /* Info.plist */,
				791F5C3D1EF0B63C00B4149B /* Supporting Files */,
			);
			path = "ios-objc-foundation-nsmutable-dictonary-demo";
			sourceTree = "<group>";
		};
		791F5C3D1EF0B63C00B4149B /* Supporting Files */ = {
			isa = PBXGroup;
			children = (
				791F5C3E1EF0B63C00B4149B /* main.m */,
			);
			name = "Supporting Files";
			sourceTree = "<group>";
		};
		791F5C561EF0B63C00B4149B /* ios-objc-foundation-nsmutable-dictonary-demoTests */ = {
			isa = PBXGroup;
			children = (
				791F5C571EF0B63C00B4149B /* ios_objc_foundation_nsmutable_dictonary_demoTests.m */,
				791F5C591EF0B63C00B4149B /* Info.plist */,
			);
			path = "ios-objc-foundation-nsmutable-dictonary-demoTests";
			sourceTree = "<group>";
		};
/* End PBXGroup section */

/* Begin PBXNativeTarget section */
		791F5C391EF0B63C00B4149B /* ios-objc-foundation-nsmutable-dictonary-demo */ = {
			isa = PBXNativeTarget;
			buildConfigurationList = 791F5C5C1EF0B63C00B4149B /* Build configuration list for PBXNativeTarget "ios-objc-foundation-nsmutable-dictonary-demo" */;
			buildPhases = (
				791F5C361EF0B63C00B4149B /* Sources */,
				791F5C371EF0B63C00B4149B /* Frameworks */,
				791F5C381EF0B63C00B4149B /* Resources */,
			);
			buildRules = (
			);
			dependencies = (
			);
			name = "ios-objc-foundation-nsmutable-dictonary-demo";
			productName = "ios-objc-foundation-nsmutable-dictonary-demo";
			productReference = 791F5C3A1EF0B63C00B4149B /* ios-objc-foundation-nsmutable-dictonary-demo.app */;
			productType = "com.apple.product-type.application";
		};
		791F5C521EF0B63C00B4149B /* ios-objc-foundation-nsmutable-dictonary-demoTests */ = {
			isa = PBXNativeTarget;
			buildConfigurationList = 791F5C5F1EF0B63C00B4149B /* Build configuration list for PBXNativeTarget "ios-objc-foundation-nsmutable-dictonary-demoTests" */;
			buildPhases = (
				791F5C4F1EF0B63C00B4149B /* Sources */,
				791F5C501EF0B63C00B4149B /* Frameworks */,
				791F5C511EF0B63C00B4149B /* Resources */,
			);
			buildRules = (
			);
			dependencies = (
				791F5C551EF0B63C00B4149B /* PBXTargetDependency */,
			);
			name = "ios-objc-foundation-nsmutable-dictonary-demoTests";
			productName = "ios-objc-foundation-nsmutable-dictonary-demoTests";
			productReference = 791F5C531EF0B63C00B4149B /* ios-objc-foundation-nsmutable-dictonary-demoTests.xctest */;
			productType = "com.apple.product-type.bundle.unit-test";
		};
/* End PBXNativeTarget section */

/* Begin PBXProject section */
		791F5C321EF0B63C00B4149B /* Project object */ = {
			isa = PBXProject;
			attributes = {
				LastUpgradeCheck = 0830;
				ORGANIZATIONNAME = "Eiji Kushida";
				TargetAttributes = {
					791F5C391EF0B63C00B4149B = {
						CreatedOnToolsVersion = 8.3.3;
						DevelopmentTeam = PCCZJUYRT6;
						ProvisioningStyle = Automatic;
					};
					791F5C521EF0B63C00B4149B = {
						CreatedOnToolsVersion = 8.3.3;
						ProvisioningStyle = Automatic;
						TestTargetID = 791F5C391EF0B63C00B4149B;
					};
				};
			};
			buildConfigurationList = 791F5C351EF0B63C00B4149B /* Build configuration list for PBXProject "ios-objc-foundation-nsmutable-dictonary-demo" */;
			compatibilityVersion = "Xcode 3.2";
			developmentRegion = English;
			hasScannedForEncodings = 0;
			knownRegions = (
				en,
				Base,
			);
			mainGroup = 791F5C311EF0B63C00B4149B;
			productRefGroup = 791F5C3B1EF0B63C00B4149B /* Products */;
			projectDirPath = "";
			projectRoot = "";
			targets = (
				791F5C391EF0B63C00B4149B /* ios-objc-foundation-nsmutable-dictonary-demo */,
				791F5C521EF0B63C00B4149B /* ios-objc-foundation-nsmutable-dictonary-demoTests */,
			);
		};
/* End PBXProject section */

/* Begin PBXResourcesBuildPhase section */
		791F5C381EF0B63C00B4149B /* Resources */ = {
			isa = PBXResourcesBuildPhase;
			buildActionMask = 2147483647;
			files = (
				791F5C4D1EF0B63C00B4149B /* LaunchScreen.storyboard in Resources */,
				791F5C4A1EF0B63C00B4149B /* Assets.xcassets in Resources */,
				791F5C481EF0B63C00B4149B /* Main.storyboard in Resources */,
			);
			runOnlyForDeploymentPostprocessing = 0;
		};
		791F5C511EF0B63C00B4149B /* Resources */ = {
			isa = PBXResourcesBuildPhase;
			buildActionMask = 2147483647;
			files = (
			);
			runOnlyForDeploymentPostprocessing = 0;
		};
/* End PBXResourcesBuildPhase section */

/* Begin PBXSourcesBuildPhase section */
		791F5C361EF0B63C00B4149B /* Sources */ = {
			isa = PBXSourcesBuildPhase;
			buildActionMask = 2147483647;
			files = (
				791F5C451EF0B63C00B4149B /* ViewController.m in Sources */,
				791F5C421EF0B63C00B4149B /* AppDelegate.m in Sources */,
				791F5C3F1EF0B63C00B4149B /* main.m in Sources */,
			);
			runOnlyForDeploymentPostprocessing = 0;
		};
		791F5C4F1EF0B63C00B4149B /* Sources */ = {
			isa = PBXSourcesBuildPhase;
			buildActionMask = 2147483647;
			files = (
				791F5C581EF0B63C00B4149B /* ios_objc_foundation_nsmutable_dictonary_demoTests.m in Sources */,
			);
			runOnlyForDeploymentPostprocessing = 0;
		};
/* End PBXSourcesBuildPhase section */

/* Begin PBXTargetDependency section */
		791F5C551EF0B63C00B4149B /* PBXTargetDependency */ = {
			isa = PBXTargetDependency;
			target = 791F5C391EF0B63C00B4149B /* ios-objc-foundation-nsmutable-dictonary-demo */;
			targetProxy = 791F5C541EF0B63C00B4149B /* PBXContainerItemProxy */;
		};
/* End PBXTargetDependency section */

/* Begin PBXVariantGroup section */
		791F5C461EF0B63C00B4149B /* Main.storyboard */ = {
			isa = PBXVariantGroup;
			children = (
				791F5C471EF0B63C00B4149B /* Base */,
			);
			name = Main.storyboard;
			sourceTree = "<group>";
		};
		791F5C4B1EF0B63C00B4149B /* LaunchScreen.storyboard */ = {
			isa = PBXVariantGroup;
			children = (
				791F5C4C1EF0B63C00B4149B /* Base */,
			);
			name = LaunchScreen.storyboard;
			sourceTree = "<group>";
		};
/* End PBXVariantGroup section */

/* Begin XCBuildConfiguration section */
		791F5C5A1EF0B63C00B4149B /* Debug */ = {
			isa = XCBuildConfiguration;
			buildSettings = {
				ALWAYS_SEARCH_USER_PATHS = NO;
				CLANG_ANALYZER_NONNULL = YES;
				CLANG_ANALYZER_NUMBER_OBJECT_CONVERSION = YES_AGGRESSIVE;
				CLANG_CXX_LANGUAGE_STANDARD = "gnu++0x";
				CLANG_CXX_LIBRARY = "libc++";
				CLANG_ENABLE_MODULES = YES;
				CLANG_ENABLE_OBJC_ARC = YES;
				CLANG_WARN_BOOL_CONVERSION = YES;
				CLANG_WARN_CONSTANT_CONVERSION = YES;
				CLANG_WARN_DIRECT_OBJC_ISA_USAGE = YES_ERROR;
				CLANG_WARN_DOCUMENTATION_COMMENTS = YES;
				CLANG_WARN_EMPTY_BODY = YES;
				CLANG_WARN_ENUM_CONVERSION = YES;
				CLANG_WARN_INFINITE_RECURSION = YES;
				CLANG_WARN_INT_CONVERSION = YES;
				CLANG_WARN_OBJC_ROOT_CLASS = YES_ERROR;
				CLANG_WARN_SUSPICIOUS_MOVE = YES;
				CLANG_WARN_UNREACHABLE_CODE = YES;
				CLANG_WARN__DUPLICATE_METHOD_MATCH = YES;
				"CODE_SIGN_IDENTITY[sdk=iphoneos*]" = "iPhone Developer";
				COPY_PHASE_STRIP = NO;
				DEBUG_INFORMATION_FORMAT = dwarf;
				ENABLE_STRICT_OBJC_MSGSEND = YES;
				ENABLE_TESTABILITY = YES;
				GCC_C_LANGUAGE_STANDARD = gnu99;
				GCC_DYNAMIC_NO_PIC = NO;
				GCC_NO_COMMON_BLOCKS = YES;
				GCC_OPTIMIZATION_LEVEL = 0;
				GCC_PREPROCESSOR_DEFINITIONS = (
					"DEBUG=1",
					"$(inherited)",
				);
				GCC_WARN_64_TO_32_BIT_CONVERSION = YES;
				GCC_WARN_ABOUT_RETURN_TYPE = YES_ERROR;
				GCC_WARN_UNDECLARED_SELECTOR = YES;
				GCC_WARN_UNINITIALIZED_AUTOS = YES_AGGRESSIVE;
				GCC_WARN_UNUSED_FUNCTION = YES;
				GCC_WARN_UNUSED_VARIABLE = YES;
				IPHONEOS_DEPLOYMENT_TARGET = 10.3;
				MTL_ENABLE_DEBUG_INFO = YES;
				ONLY_ACTIVE_ARCH = YES;
				SDKROOT = iphoneos;
			};
			name = Debug;
		};
		791F5C5B1EF0B63C00B4149B /* Release */ = {
			isa = XCBuildConfiguration;
			buildSettings = {
				ALWAYS_SEARCH_USER_PATHS = NO;
				CLANG_ANALYZER_NONNULL = YES;
				CLANG_ANALYZER_NUMBER_OBJECT_CONVERSION = YES_AGGRESSIVE;
				CLANG_CXX_LANGUAGE_STANDARD = "gnu++0x";
				CLANG_CXX_LIBRARY = "libc++";
				CLANG_ENABLE_MODULES = YES;
				CLANG_ENABLE_OBJC_ARC = YES;
				CLANG_WARN_BOOL_CONVERSION = YES;
				CLANG_WARN_CONSTANT_CONVERSION = YES;
				CLANG_WARN_DIRECT_OBJC_ISA_USAGE = YES_ERROR;
				CLANG_WARN_DOCUMENTATION_COMMENTS = YES;
				CLANG_WARN_EMPTY_BODY = YES;
				CLANG_WARN_ENUM_CONVERSION = YES;
				CLANG_WARN_INFINITE_RECURSION = YES;
				CLANG_WARN_INT_CONVERSION = YES;
				CLANG_WARN_OBJC_ROOT_CLASS = YES_ERROR;
				CLANG_WARN_SUSPICIOUS_MOVE = YES;
				CLANG_WARN_UNREACHABLE_CODE = YES;
				CLANG_WARN__DUPLICATE_METHOD_MATCH = YES;
				"CODE_SIGN_IDENTITY[sdk=iphoneos*]" = "iPhone Developer";
				COPY_PHASE_STRIP = NO;
				DEBUG_INFORMATION_FORMAT = "dwarf-with-dsym";
				ENABLE_NS_ASSERTIONS = NO;
				ENABLE_STRICT_OBJC_MSGSEND = YES;
				GCC_C_LANGUAGE_STANDARD = gnu99;
				GCC_NO_COMMON_BLOCKS = YES;
				GCC_WARN_64_TO_32_BIT_CONVERSION = YES;
				GCC_WARN_ABOUT_RETURN_TYPE = YES_ERROR;
				GCC_WARN_UNDECLARED_SELECTOR = YES;
				GCC_WARN_UNINITIALIZED_AUTOS = YES_AGGRESSIVE;
				GCC_WARN_UNUSED_FUNCTION = YES;
				GCC_WARN_UNUSED_VARIABLE = YES;
				IPHONEOS_DEPLOYMENT_TARGET = 10.3;
				MTL_ENABLE_DEBUG_INFO = NO;
				SDKROOT = iphoneos;
				VALIDATE_PRODUCT = YES;
			};
			name = Release;
		};
		791F5C5D1EF0B63C00B4149B /* Debug */ = {
			isa = XCBuildConfiguration;
			buildSettings = {
				ASSETCATALOG_COMPILER_APPICON_NAME = AppIcon;
				DEVELOPMENT_TEAM = PCCZJUYRT6;
				INFOPLIST_FILE = "ios-objc-foundation-nsmutable-dictonary-demo/Info.plist";
				LD_RUNPATH_SEARCH_PATHS = "$(inherited) @executable_path/Frameworks";
				PRODUCT_BUNDLE_IDENTIFIER = "jp.st-ventures.ios-objc-foundation-nsmutable-dictonary-demo";
				PRODUCT_NAME = "$(TARGET_NAME)";
			};
			name = Debug;
		};
		791F5C5E1EF0B63C00B4149B /* Release */ = {
			isa = XCBuildConfiguration;
			buildSettings = {
				ASSETCATALOG_COMPILER_APPICON_NAME = AppIcon;
				DEVELOPMENT_TEAM = PCCZJUYRT6;
				INFOPLIST_FILE = "ios-objc-foundation-nsmutable-dictonary-demo/Info.plist";
				LD_RUNPATH_SEARCH_PATHS = "$(inherited) @executable_path/Frameworks";
				PRODUCT_BUNDLE_IDENTIFIER = "jp.st-ventures.ios-objc-foundation-nsmutable-dictonary-demo";
				PRODUCT_NAME = "$(TARGET_NAME)";
			};
			name = Release;
		};
		791F5C601EF0B63C00B4149B /* Debug */ = {
			isa = XCBuildConfiguration;
			buildSettings = {
				BUNDLE_LOADER = "$(TEST_HOST)";
				INFOPLIST_FILE = "ios-objc-foundation-nsmutable-dictonary-demoTests/Info.plist";
				LD_RUNPATH_SEARCH_PATHS = "$(inherited) @executable_path/Frameworks @loader_path/Frameworks";
				PRODUCT_BUNDLE_IDENTIFIER = "jp.st-ventures.ios-objc-foundation-nsmutable-dictonary-demoTests";
				PRODUCT_NAME = "$(TARGET_NAME)";
				TEST_HOST = "$(BUILT_PRODUCTS_DIR)/ios-objc-foundation-nsmutable-dictonary-demo.app/ios-objc-foundation-nsmutable-dictonary-demo";
			};
			name = Debug;
		};
		791F5C611EF0B63C00B4149B /* Release */ = {
			isa = XCBuildConfiguration;
			buildSettings = {
				BUNDLE_LOADER = "$(TEST_HOST)";
				INFOPLIST_FILE = "ios-objc-foundation-nsmutable-dictonary-demoTests/Info.plist";
				LD_RUNPATH_SEARCH_PATHS = "$(inherited) @executable_path/Frameworks @loader_path/Frameworks";
				PRODUCT_BUNDLE_IDENTIFIER = "jp.st-ventures.ios-objc-foundation-nsmutable-dictonary-demoTests";
				PRODUCT_NAME = "$(TARGET_NAME)";
				TEST_HOST = "$(BUILT_PRODUCTS_DIR)/ios-objc-foundation-nsmutable-dictonary-demo.app/ios-objc-foundation-nsmutable-dictonary-demo";
			};
			name = Release;
		};
/* End XCBuildConfiguration section */

/* Begin XCConfigurationList section */
		791F5C351EF0B63C00B4149B /* Build configuration list for PBXProject "ios-objc-foundation-nsmutable-dictonary-demo" */ = {
			isa = XCConfigurationList;
			buildConfigurations = (
				791F5C5A1EF0B63C00B4149B /* Debug */,
				791F5C5B1EF0B63C00B4149B /* Release */,
			);
			defaultConfigurationIsVisible = 0;
			defaultConfigurationName = Release;
		};
		791F5C5C1EF0B63C00B4149B /* Build configuration list for PBXNativeTarget "ios-objc-foundation-nsmutable-dictonary-demo" */ = {
			isa = XCConfigurationList;
			buildConfigurations = (
				791F5C5D1EF0B63C00B4149B /* Debug */,
				791F5C5E1EF0B63C00B4149B /* Release */,
			);
			defaultConfigurationIsVisible = 0;
		};
		791F5C5F1EF0B63C00B4149B /* Build configuration list for PBXNativeTarget "ios-objc-foundation-nsmutable-dictonary-demoTests" */ = {
			isa = XCConfigurationList;
			buildConfigurations = (
				791F5C601EF0B63C00B4149B /* Debug */,
				791F5C611EF0B63C00B4149B /* Release */,
			);
			defaultConfigurationIsVisible = 0;
		};
/* End XCConfigurationList section */
	};
	rootObject = 791F5C321EF0B63C00B4149B /* Project object */;
}
